
Microsoft Visual Studio Solution File, Format Version 12.00
# Visual Studio Version 17
VisualStudioVersion = 17.8.34316.72
MinimumVisualStudioVersion = 10.0.40219.1
Project("{FAE04EC0-301F-11D3-BF4B-00C04F79EFBC}") = "FGP-API", "FGP-API\FGP-API.csproj", "{782A728D-4902-47B8-B0F7-94447A9DE13F}"
EndProject
Global
	GlobalSection(SolutionConfigurationPlatforms) = preSolution
		Debug|Any CPU = Debug|Any CPU
		Release|Any CPU = Release|Any CPU
	EndGlobalSection
	GlobalSection(ProjectConfigurationPlatforms) = postSolution
		{782A728D-4902-47B8-B0F7-94447A9DE13F}.Debug|Any CPU.ActiveCfg = Debug|Any CPU
		{782A728D-4902-47B8-B0F7-94447A9DE13F}.Debug|Any CPU.Build.0 = Debug|Any CPU
		{782A728D-4902-47B8-B0F7-94447A9DE13F}.Release|Any CPU.ActiveCfg = Release|Any CPU
		{782A728D-4902-47B8-B0F7-94447A9DE13F}.Release|Any CPU.Build.0 = Release|Any CPU
	EndGlobalSection
	GlobalSection(SolutionProperties) = preSolution
		HideSolutionNode = FALSE
	EndGlobalSection
	GlobalSection(ExtensibilityGlobals) = postSolution
		SolutionGuid = {F020D26B-0229-4CBF-859F-724DB3C29DD1}
	EndGlobalSection
EndGlobal
